schema: '2.0'
stages:
  convergence:
    cmd: julia --project=. experiments/convergence.jl
    deps:
    - path: experiments/convergence.jl
      hash: md5
      md5: c32adf276fe337e6c3737ae2b5094904
      size: 1980
    - path: src
      hash: md5
      md5: 918b604b824429a17f25dcfe8e34cd83.dir
      size: 47744
      nfiles: 12
    params:
      params.yaml:
        convergence:
          N: 300
          d: 6
          D: 4
          Q: 3
          steps: 100
          n_seed: 10
          beta: 2.0
          R_diag_init: 0.2
          log_every: 10
          seeds:
          - 0
          - 1
          - 2
          - 3
          - 4
          - 5
          - 6
          - 7
          - 8
          - 9
          ls:
          - 1.0
          - 2.0
          - 3.5
          sigma2s:
          - 3.0
          - 3.0
          - 3.0
    outs:
    - path: data/convergence/comparison.json
      hash: md5
      md5: c702bafe815c9d83e51750da8ac97b0e
      size: 101419
    - path: data/convergence/convergence.png
      hash: md5
      md5: 11e917d80a5b6bdaa73afa81a3eb0471
      size: 32194
    - path: data/convergence/metrics.json
      hash: md5
      md5: 544999c4f5c3693f3294bd653ad3d2b0
      size: 207
    - path: data/convergence/timing.png
      hash: md5
      md5: b598c9457d2e97acb63825f540440f85
      size: 40264
  scaling:
    cmd: julia --project=. experiments/scaling.jl
    deps:
    - path: experiments/scaling.jl
      hash: md5
      md5: a15f5ceacaa2a47c2960b0806a1511ae
      size: 4883
    - path: src
      hash: md5
      md5: 719aa52078f5449afb64ac495fc258c5.dir
      size: 46486
      nfiles: 12
    params:
      params.yaml:
        scaling:
          N: 1000
          d: 6
          D: 4
          Q: 3
          steps: 200
          n_seed: 10
          beta: 2.0
          R_diag_init: 0.2
          log_every: 20
          seeds:
          - 0
          - 1
          - 2
          - 3
          - 4
          ls:
          - 1.0
          - 2.0
          - 3.5
          sigma2s:
          - 3.0
          - 3.0
          - 3.0
    outs:
    - path: data/scaling/comparison.json
      hash: md5
      md5: b1ab85c8da23940838cb6b2dade7661b
      size: 80140
    - path: data/scaling/convergence.png
      hash: md5
      md5: bdc071c6d1db2289a6bfacbf7f340995
      size: 30014
    - path: data/scaling/metrics.json
      hash: md5
      md5: 5d7eec45fd2ba03a8f342f3e4c4c53aa
      size: 254
    - path: data/scaling/scaling_cumulative.png
      hash: md5
      md5: 1b574306ed8101496719880724895693
      size: 39417
    - path: data/scaling/scaling_perstep.png
      hash: md5
      md5: 450137bf2c7013d34b8d4d8e5c156330
      size: 36147
    - path: data/scaling/timing.png
      hash: md5
      md5: 560203da64cb11c3ab5bbe52226e9c76
      size: 43898
  highdim:
    cmd: julia --project=. experiments/highdim.jl
    deps:
    - path: experiments/highdim.jl
      hash: md5
      md5: ba05674bb11b93a71a97143cbae7db6f
      size: 2108
    - path: src
      hash: md5
      md5: f1f9b2825dfc673f527d821e74624efb.dir
      size: 46533
      nfiles: 12
    params:
      params.yaml:
        highdim:
          N: 500
          d: 4
          D: 12
          Q: 6
          steps: 100
          n_seed: 15
          beta: 2.0
          R_diag_init: 0.2
          log_every: 10
          seeds:
          - 0
          - 1
          - 2
          - 3
          - 4
          - 5
          - 6
          - 7
          - 8
          - 9
          ls:
          - 1.0
          - 1.5
          - 2.0
          - 2.5
          - 3.0
          - 3.5
          sigma2s:
          - 3.0
          - 3.0
          - 2.0
          - 2.0
          - 1.0
          - 1.0
    outs:
    - path: data/highdim/comparison.json
      hash: md5
      md5: 76b6e24db787fa28f5401dc1a9a1441c
      size: 76999
    - path: data/highdim/convergence.png
      hash: md5
      md5: d404d163bd004189acce13e16d3c3dde
      size: 32277
    - path: data/highdim/metrics.json
      hash: md5
      md5: 3efc7bb5877a0cdb2776375fccb10012
      size: 229
    - path: data/highdim/timing.png
      hash: md5
      md5: 6af6dec677efe88309f839344e16bef7
      size: 45045
  partial_obs:
    cmd: julia --project=. experiments/partial_obs.jl
    deps:
    - path: experiments/partial_obs.jl
      hash: md5
      md5: 6f61b848fd84459c7bd028dad8a56ae2
      size: 2614
    - path: src
      hash: md5
      md5: 007c22ef0c80839c958586fa1b33385c.dir
      size: 76257
      nfiles: 13
    params:
      params.yaml:
        partial_obs:
          N: 500
          d: 4
          D: 12
          Q: 6
          n_spatial: 3
          n_temporal: 4
          steps: 10
          n_seed: 5
          beta: 2.0
          R_diag_init: 0.2
          log_every: 10
          seeds:
          - 0
          - 1
          - 2
          - 3
          - 4
          ls:
          - 1.0
          - 1.5
          - 2.0
          - 2.5
          - 3.0
          - 3.5
          sigma2s:
          - 3.0
          - 3.0
          - 2.0
          - 2.0
          - 1.0
          - 1.0
    outs:
    - path: data/partial_obs/comparison.json
      hash: md5
      md5: 6d15722229723375cd85e2a2c637416b
      size: 13653
    - path: data/partial_obs/convergence.png
      hash: md5
      md5: 927de34aac368c67e0f33d1c3597da74
      size: 15459
    - path: data/partial_obs/convergence.tikz
      hash: md5
      md5: 4f2735a884c473d1ea2a3f88e31a4192
      size: 14472
    - path: data/partial_obs/metrics.json
      hash: md5
      md5: 2ac00bc5f24d903e8d45f0107dc2c4f4
      size: 343
    - path: data/partial_obs/timing.png
      hash: md5
      md5: b86faafe1f665c35afa4086eddb88a91
      size: 12183
    - path: data/partial_obs/timing.tikz
      hash: md5
      md5: 2c2b9bd3df03dd05a1790636aa52930b
      size: 6360
  quadrature:
    cmd: julia --project=. experiments/quadrature.jl
    deps:
    - path: experiments/quadrature.jl
      hash: md5
      md5: 9c385256ef6ec9a8a95c079d16ddca92
      size: 2205
    - path: src
      hash: md5
      md5: 3c90efca9edd2bf0cfc2a4d9540a48d6.dir
      size: 78165
      nfiles: 13
    params:
      params.yaml:
        quadrature:
          N: 200
          d: 1
          D: 6
          Q: 3
          steps: 100
          n_seed: 5
          R_diag_init: 0.1
          log_every: 5
          seeds:
          - 0
          - 1
          - 2
          - 3
          - 4
          ls:
          - 1.0
          - 1.5
          - 2.0
          sigma2s:
          - 3.0
          - 2.0
          - 1.0
    outs:
    - path: data/quadrature/comparison.json
      hash: md5
      md5: fdcef8bf4b687c4409f7308b71f7b998
      size: 23200
    - path: data/quadrature/metrics.json
      hash: md5
      md5: 138870536155982a44a707b72f92858a
      size: 293
    - path: data/quadrature/timing.png
      hash: md5
      md5: 2e97313d83e71e4e8096b33d2ded659e
      size: 9352
    - path: data/quadrature/timing.tikz
      hash: md5
      md5: b24f77e02fae86914fb93fdd66209e39
      size: 11253
  active_learning:
    cmd: julia --project=. experiments/active_learning.jl
    deps:
    - path: experiments/active_learning.jl
      hash: md5
      md5: a6ff85c8948d5355289a4d7e17c569ff
      size: 2863
    - path: src
      hash: md5
      md5: 3c90efca9edd2bf0cfc2a4d9540a48d6.dir
      size: 78165
      nfiles: 13
    params:
      params.yaml:
        active_learning:
          N: 500
          d: 4
          D: 12
          Q: 6
          n_spatial: 3
          n_temporal: 4
          steps: 30
          n_seed: 5
          R_diag_init: 0.2
          log_every: 10
          seeds:
          - 0
          - 1
          - 2
          - 3
          - 4
          ls:
          - 1.0
          - 1.5
          - 2.0
          - 2.5
          - 3.0
          - 3.5
          sigma2s:
          - 3.0
          - 3.0
          - 2.0
          - 2.0
          - 1.0
          - 1.0
    outs:
    - path: data/active_learning/comparison.json
      hash: md5
      md5: a21d4e9782dd61f7018f03764a729310
      size: 17239
    - path: data/active_learning/metrics.json
      hash: md5
      md5: 5fdf7a9cbc28aee20e5aa39a78cb48d1
      size: 540
    - path: data/active_learning/timing.png
      hash: md5
      md5: 26cc5b23d209cbb6d7112129f8ad2d79
      size: 12615
    - path: data/active_learning/timing.tikz
      hash: md5
      md5: 98f8fcef6428465978452dc1ec7b4b2f
      size: 9012
