schema: '2.0'
stages:
  convergence:
    cmd: julia --project=. experiments/convergence.jl
    deps:
    - path: experiments/convergence.jl
      hash: md5
      md5: c32adf276fe337e6c3737ae2b5094904
      size: 1980
    - path: src
      hash: md5
      md5: 918b604b824429a17f25dcfe8e34cd83.dir
      size: 47744
      nfiles: 12
    params:
      params.yaml:
        convergence:
          N: 300
          d: 6
          D: 4
          Q: 3
          steps: 100
          n_seed: 10
          beta: 2.0
          R_diag_init: 0.2
          log_every: 10
          seeds:
          - 0
          - 1
          - 2
          - 3
          - 4
          - 5
          - 6
          - 7
          - 8
          - 9
          ls:
          - 1.0
          - 2.0
          - 3.5
          sigma2s:
          - 3.0
          - 3.0
          - 3.0
    outs:
    - path: data/convergence/comparison.json
      hash: md5
      md5: c702bafe815c9d83e51750da8ac97b0e
      size: 101419
    - path: data/convergence/convergence.png
      hash: md5
      md5: 11e917d80a5b6bdaa73afa81a3eb0471
      size: 32194
    - path: data/convergence/metrics.json
      hash: md5
      md5: 544999c4f5c3693f3294bd653ad3d2b0
      size: 207
    - path: data/convergence/timing.png
      hash: md5
      md5: b598c9457d2e97acb63825f540440f85
      size: 40264
  scaling:
    cmd: julia --project=. experiments/scaling.jl
    deps:
    - path: experiments/scaling.jl
      hash: md5
      md5: a15f5ceacaa2a47c2960b0806a1511ae
      size: 4883
    - path: src
      hash: md5
      md5: 719aa52078f5449afb64ac495fc258c5.dir
      size: 46486
      nfiles: 12
    params:
      params.yaml:
        scaling:
          N: 1000
          d: 6
          D: 4
          Q: 3
          steps: 200
          n_seed: 10
          beta: 2.0
          R_diag_init: 0.2
          log_every: 20
          seeds:
          - 0
          - 1
          - 2
          - 3
          - 4
          ls:
          - 1.0
          - 2.0
          - 3.5
          sigma2s:
          - 3.0
          - 3.0
          - 3.0
    outs:
    - path: data/scaling/comparison.json
      hash: md5
      md5: b1ab85c8da23940838cb6b2dade7661b
      size: 80140
    - path: data/scaling/convergence.png
      hash: md5
      md5: bdc071c6d1db2289a6bfacbf7f340995
      size: 30014
    - path: data/scaling/metrics.json
      hash: md5
      md5: 5d7eec45fd2ba03a8f342f3e4c4c53aa
      size: 254
    - path: data/scaling/scaling_cumulative.png
      hash: md5
      md5: 1b574306ed8101496719880724895693
      size: 39417
    - path: data/scaling/scaling_perstep.png
      hash: md5
      md5: 450137bf2c7013d34b8d4d8e5c156330
      size: 36147
    - path: data/scaling/timing.png
      hash: md5
      md5: 560203da64cb11c3ab5bbe52226e9c76
      size: 43898
  highdim:
    cmd: julia --project=. experiments/highdim.jl
    deps:
    - path: experiments/highdim.jl
      hash: md5
      md5: ba05674bb11b93a71a97143cbae7db6f
      size: 2108
    - path: src
      hash: md5
      md5: f1f9b2825dfc673f527d821e74624efb.dir
      size: 46533
      nfiles: 12
    params:
      params.yaml:
        highdim:
          N: 500
          d: 4
          D: 12
          Q: 6
          steps: 100
          n_seed: 15
          beta: 2.0
          R_diag_init: 0.2
          log_every: 10
          seeds:
          - 0
          - 1
          - 2
          - 3
          - 4
          - 5
          - 6
          - 7
          - 8
          - 9
          ls:
          - 1.0
          - 1.5
          - 2.0
          - 2.5
          - 3.0
          - 3.5
          sigma2s:
          - 3.0
          - 3.0
          - 2.0
          - 2.0
          - 1.0
          - 1.0
    outs:
    - path: data/highdim/comparison.json
      hash: md5
      md5: 76b6e24db787fa28f5401dc1a9a1441c
      size: 76999
    - path: data/highdim/convergence.png
      hash: md5
      md5: d404d163bd004189acce13e16d3c3dde
      size: 32277
    - path: data/highdim/metrics.json
      hash: md5
      md5: 3efc7bb5877a0cdb2776375fccb10012
      size: 229
    - path: data/highdim/timing.png
      hash: md5
      md5: 6af6dec677efe88309f839344e16bef7
      size: 45045
  partial_obs:
    cmd: julia --project=. experiments/partial_obs.jl
    deps:
    - path: data/etth/ETTh1.csv
      hash: md5
      md5: 8381763947c85f4be6ac456c508460d6
      size: 2589657
    - path: experiments/partial_obs.jl
      hash: md5
      md5: ad701fcf511ed59e820153f67af81b7f
      size: 3824
    - path: src
      hash: md5
      md5: 486f5a7f8574679c064ef39e7cf31be9.dir
      size: 162532
      nfiles: 18
    params:
      params.yaml:
        partial_obs:
          data_path: data/etth/ETTh1.csv
          input_cols:
          - 1
          - 3
          - 5
          output_cols:
          - 2
          - 4
          - 6
          - 7
          D: 4
          Q: 3
          R_diag_init: 0.2
          Ns:
          - 500
          - 1000
          - 2000
          - 4000
          - 8000
          p_fixed: 0.3
          ps:
          - 0.1
          - 0.3
          - 0.5
          - 0.7
          N_fixed: 2000
          km_max_N: 2000
          seeds:
          - 0
          - 1
          - 2
          - 3
          - 4
          - 5
          - 6
          - 7
          - 8
          - 9
          ls:
          - 0.5
          - 1.0
          - 2.0
          sigma2s:
          - 1.0
          - 1.0
          - 1.0
          M: 64
          m_vecchia: 20
    outs:
    - path: data/partial_obs/comparison.json
      hash: md5
      md5: dd52d749c07edbd4bd57685f203d639a
      size: 49282
    - path: data/partial_obs/metrics.json
      hash: md5
      md5: ab1e4c338376c4e2073e5c7f11583da4
      size: 552
    - path: data/partial_obs/mnll_vs_N.png
      hash: md5
      md5: e28afa9e38c6ba4c855dbbf0f42777c0
      size: 53268
    - path: data/partial_obs/mnll_vs_N.tikz
      hash: md5
      md5: c837b9ff7554aa85056ece5c07b9a561
      size: 6569
    - path: data/partial_obs/mnll_vs_p.png
      hash: md5
      md5: 3a7560b3cf2af05d8dab00cd6508aac3
      size: 35283
    - path: data/partial_obs/mnll_vs_p.tikz
      hash: md5
      md5: 98b7fb4dfc286b3baba3e39e5af4f21f
      size: 6384
    - path: data/partial_obs/pareto.png
      hash: md5
      md5: b1c30db3c9eeaecd9442f75d2caae167
      size: 66872
    - path: data/partial_obs/pareto.tikz
      hash: md5
      md5: b03c312ad2a18d1a8bd98e1b17b88b04
      size: 38486
    - path: data/partial_obs/rmse_vs_N.png
      hash: md5
      md5: b19c857f4477e22ce26fd2a48138283f
      size: 38930
    - path: data/partial_obs/rmse_vs_N.tikz
      hash: md5
      md5: 99140e60dd0b0b62b53090808d37fb5c
      size: 6430
    - path: data/partial_obs/rmse_vs_p.png
      hash: md5
      md5: b1b50a16e897d918187d80a7bf3d1d09
      size: 35629
    - path: data/partial_obs/rmse_vs_p.tikz
      hash: md5
      md5: fbe43822a57a5ab9af7815d5fe6e7883
      size: 6363
    - path: data/partial_obs/time_vs_N.png
      hash: md5
      md5: 02f6373b0bebd722f99ccf94ea46add8
      size: 39013
    - path: data/partial_obs/time_vs_p.png
      hash: md5
      md5: ae4cded46107f732b1adf90528a0a36b
      size: 34587
  quadrature:
    cmd: julia --project=. experiments/quadrature.jl
    deps:
    - path: experiments/quadrature.jl
      hash: md5
      md5: 9c385256ef6ec9a8a95c079d16ddca92
      size: 2205
    - path: src
      hash: md5
      md5: 3c90efca9edd2bf0cfc2a4d9540a48d6.dir
      size: 78165
      nfiles: 13
    params:
      params.yaml:
        quadrature:
          N: 200
          d: 1
          D: 6
          Q: 3
          steps: 100
          n_seed: 5
          R_diag_init: 0.1
          log_every: 5
          seeds:
          - 0
          - 1
          - 2
          - 3
          - 4
          ls:
          - 1.0
          - 1.5
          - 2.0
          sigma2s:
          - 3.0
          - 2.0
          - 1.0
    outs:
    - path: data/quadrature/comparison.json
      hash: md5
      md5: fdcef8bf4b687c4409f7308b71f7b998
      size: 23200
    - path: data/quadrature/metrics.json
      hash: md5
      md5: 138870536155982a44a707b72f92858a
      size: 293
    - path: data/quadrature/timing.png
      hash: md5
      md5: 2e97313d83e71e4e8096b33d2ded659e
      size: 9352
    - path: data/quadrature/timing.tikz
      hash: md5
      md5: b24f77e02fae86914fb93fdd66209e39
      size: 11253
  active_learning:
    cmd: julia --project=. experiments/active_learning.jl
    deps:
    - path: experiments/active_learning.jl
      hash: md5
      md5: a6ff85c8948d5355289a4d7e17c569ff
      size: 2863
    - path: src
      hash: md5
      md5: 3c90efca9edd2bf0cfc2a4d9540a48d6.dir
      size: 78165
      nfiles: 13
    params:
      params.yaml:
        active_learning:
          N: 500
          d: 4
          D: 12
          Q: 6
          n_spatial: 3
          n_temporal: 4
          steps: 30
          n_seed: 5
          R_diag_init: 0.2
          log_every: 10
          seeds:
          - 0
          - 1
          - 2
          - 3
          - 4
          ls:
          - 1.0
          - 1.5
          - 2.0
          - 2.5
          - 3.0
          - 3.5
          sigma2s:
          - 3.0
          - 3.0
          - 2.0
          - 2.0
          - 1.0
          - 1.0
    outs:
    - path: data/active_learning/comparison.json
      hash: md5
      md5: a21d4e9782dd61f7018f03764a729310
      size: 17239
    - path: data/active_learning/metrics.json
      hash: md5
      md5: 5fdf7a9cbc28aee20e5aa39a78cb48d1
      size: 540
    - path: data/active_learning/timing.png
      hash: md5
      md5: 26cc5b23d209cbb6d7112129f8ad2d79
      size: 12615
    - path: data/active_learning/timing.tikz
      hash: md5
      md5: 98f8fcef6428465978452dc1ec7b4b2f
      size: 9012
  dim_sweep:
    cmd: julia --project=. experiments/dim_sweep.jl
    deps:
    - path: experiments/dim_sweep.jl
      hash: md5
      md5: e32ba47eadb6eb20cbb0b526e5f514ff
      size: 3445
    - path: src
      hash: md5
      md5: 486f5a7f8574679c064ef39e7cf31be9.dir
      size: 162532
      nfiles: 18
    params:
      params.yaml:
        dim_sweep:
          ds:
          - 2
          - 4
          - 8
          - 16
          - 32
          D: 3
          Q: 2
          N: 2000
          train_frac: 0.5
          steps: 1
          n_seed: 5
          beta: 2.0
          R_diag_init: 0.1
          log_every: 20
          seeds:
          - 0
          - 1
          - 2
          - 3
          - 4
          - 5
          - 6
          - 7
          - 8
          - 9
          - 10
          - 11
          - 12
          - 13
          - 14
          - 15
          - 16
          - 17
          - 18
          - 19
          - 20
          - 21
          - 22
          - 23
          - 24
          - 25
          - 26
          - 27
          - 28
          - 29
          - 30
          - 31
          - 32
          - 33
          - 34
          - 35
          - 36
          - 37
          - 38
          - 39
          - 40
          - 41
          - 42
          - 43
          - 44
          - 45
          - 46
          - 47
          - 48
          - 49
          - 50
          - 51
          - 52
          - 53
          - 54
          - 55
          - 56
          - 57
          - 58
          - 59
          - 60
          - 61
          - 62
          - 63
          - 64
          - 65
          - 66
          - 67
          - 68
          - 69
          - 70
          - 71
          - 72
          - 73
          - 74
          - 75
          - 76
          - 77
          - 78
          - 79
          - 80
          - 81
          - 82
          - 83
          - 84
          - 85
          - 86
          - 87
          - 88
          - 89
          - 90
          - 91
          - 92
          - 93
          - 94
          - 95
          - 96
          - 97
          - 98
          - 99
          ls:
          - 1.0
          - 2.0
          sigma2s:
          - 2.0
          - 1.0
          M_svgp: 64
          m_vecchia: 20
    outs:
    - path: data/dim_sweep/chain_quality_vs_d.png
      hash: md5
      md5: 70ea3cafd7cc54dc8b2493fe208b6069
      size: 34474
    - path: data/dim_sweep/chain_quality_vs_d.tikz
      hash: md5
      md5: f82266523d8fc0d32a150534faff856c
      size: 8009
    - path: data/dim_sweep/comparison.json
      hash: md5
      md5: 5f80a26730d4ec755ed06671e7509385
      size: 358595
    - path: data/dim_sweep/metrics.json
      hash: md5
      md5: 9bc7b0e011362d230e1383f6b8e2adf3
      size: 2927
    - path: data/dim_sweep/mnll_gap_vs_d.png
      hash: md5
      md5: b15be87e5e56330b726e4f1b00cc4eec
      size: 32540
    - path: data/dim_sweep/mnll_gap_vs_d.tikz
      hash: md5
      md5: 6f0dd2b4f007ee1b89ae4a2696d35373
      size: 6197
    - path: data/dim_sweep/mnll_vs_d.png
      hash: md5
      md5: aff7bee6f9663e732dcc7d643e57890a
      size: 42561
    - path: data/dim_sweep/mnll_vs_d.tikz
      hash: md5
      md5: e53c6f7bf55bdc692ad4a1acb8abd52c
      size: 11265
    - path: data/dim_sweep/rmse_gap_vs_d.png
      hash: md5
      md5: 8af3f70d868edb44eb453d7b556a784e
      size: 30048
    - path: data/dim_sweep/rmse_gap_vs_d.tikz
      hash: md5
      md5: 284a0cec2e3aad8928919e11a78031d9
      size: 6205
    - path: data/dim_sweep/rmse_vs_d.png
      hash: md5
      md5: cad5fc2f1a78fa3a700f9ac69295edd2
      size: 57484
    - path: data/dim_sweep/rmse_vs_d.tikz
      hash: md5
      md5: 42305b253dbbcb68c365402d98696021
      size: 12019
    - path: data/dim_sweep/time_vs_d.png
      hash: md5
      md5: e2eb215a8816aebd0d62ea83a57b75d3
      size: 31807
    - path: data/dim_sweep/time_vs_d.tikz
      hash: md5
      md5: d738af6dc3fc8bef149dbdb19741c3ff
      size: 11155
